
Microsoft Visual Studio Solution File, Format Version 12.00
# Visual Studio 14
VisualStudioVersion = 14.0.25420.1
MinimumVisualStudioVersion = 10.0.40219.1
Project("{FAE04EC0-301F-11D3-BF4B-00C04F79EFBC}") = "Kalkulator", "Kalkulator\Kalkulator.csproj", "{F34A334D-D00D-4698-9944-AD7406AAF4B4}"
EndProject
Project("{FAE04EC0-301F-11D3-BF4B-00C04F79EFBC}") = "Kalkulator.Tests", "Kalkulator.Tests\Kalkulator.Tests.csproj", "{B6C34E6C-DF93-4A2B-AC6F-6982E95D1B12}"
EndProject
Global
	GlobalSection(SolutionConfigurationPlatforms) = preSolution
		Debug|Any CPU = Debug|Any CPU
		Release|Any CPU = Release|Any CPU
	EndGlobalSection
	GlobalSection(ProjectConfigurationPlatforms) = postSolution
		{F34A334D-D00D-4698-9944-AD7406AAF4B4}.Debug|Any CPU.ActiveCfg = Debug|Any CPU
		{F34A334D-D00D-4698-9944-AD7406AAF4B4}.Debug|Any CPU.Build.0 = Debug|Any CPU
		{F34A334D-D00D-4698-9944-AD7406AAF4B4}.Release|Any CPU.ActiveCfg = Release|Any CPU
		{F34A334D-D00D-4698-9944-AD7406AAF4B4}.Release|Any CPU.Build.0 = Release|Any CPU
		{B6C34E6C-DF93-4A2B-AC6F-6982E95D1B12}.Debug|Any CPU.ActiveCfg = Debug|Any CPU
		{B6C34E6C-DF93-4A2B-AC6F-6982E95D1B12}.Debug|Any CPU.Build.0 = Debug|Any CPU
		{B6C34E6C-DF93-4A2B-AC6F-6982E95D1B12}.Release|Any CPU.ActiveCfg = Release|Any CPU
		{B6C34E6C-DF93-4A2B-AC6F-6982E95D1B12}.Release|Any CPU.Build.0 = Release|Any CPU
	EndGlobalSection
	GlobalSection(SolutionProperties) = preSolution
		HideSolutionNode = FALSE
	EndGlobalSection
EndGlobal
